# This file is automatically @generated by Cargo.
# It is not intended for manual editing.
version = 4

[[package]]
name = "burn"
version = "26.1.0-experimental-2"
dependencies = [
 "burn-runtime",
 "bvm",
]

[[package]]
name = "burn-runtime"
version = "26.1.0-experimental-2"

[[package]]
name = "bvm"
version = "26.1.0-experimental-2"
dependencies = [
 "burn-runtime",
]
